
Microsoft Visual Studio Solution File, Format Version 12.00
# Visual Studio 15
Project("{FAE04EC0-301F-11D3-BF4B-00C04F79EFBC}") = "Profilr.Core", "Profilr.Core\Profilr.Core.csproj", "{27AD162B-9FEE-4489-B2F2-2852EE678188}"
EndProject
Project("{FAE04EC0-301F-11D3-BF4B-00C04F79EFBC}") = "Profilr.Droid", "Profilr.Droid\Profilr.Droid.csproj", "{3051E6D9-3DD0-4A0D-9311-A74127088706}"
EndProject
Global
	GlobalSection(SolutionConfigurationPlatforms) = preSolution
		Debug|Any CPU = Debug|Any CPU
		Release|Any CPU = Release|Any CPU
	EndGlobalSection
	GlobalSection(ProjectConfigurationPlatforms) = postSolution
		{27AD162B-9FEE-4489-B2F2-2852EE678188}.Debug|Any CPU.ActiveCfg = Debug|Any CPU
		{27AD162B-9FEE-4489-B2F2-2852EE678188}.Debug|Any CPU.Build.0 = Debug|Any CPU
		{27AD162B-9FEE-4489-B2F2-2852EE678188}.Release|Any CPU.ActiveCfg = Release|Any CPU
		{27AD162B-9FEE-4489-B2F2-2852EE678188}.Release|Any CPU.Build.0 = Release|Any CPU
		{3051E6D9-3DD0-4A0D-9311-A74127088706}.Debug|Any CPU.ActiveCfg = Debug|Any CPU
		{3051E6D9-3DD0-4A0D-9311-A74127088706}.Debug|Any CPU.Build.0 = Debug|Any CPU
		{3051E6D9-3DD0-4A0D-9311-A74127088706}.Release|Any CPU.ActiveCfg = Release|Any CPU
		{3051E6D9-3DD0-4A0D-9311-A74127088706}.Release|Any CPU.Build.0 = Release|Any CPU
	EndGlobalSection
EndGlobal
